
Microsoft Visual Studio Solution File, Format Version 12.00
Project("{FAE04EC0-301F-11D3-BF4B-00C04F79EFBC}") = "HashCode", "HashCode\HashCode.csproj", "{65FA9D12-AD65-4EF7-8EBA-781E308B6254}"
EndProject
Global
	GlobalSection(SolutionConfigurationPlatforms) = preSolution
		Debug|Any CPU = Debug|Any CPU
		Release|Any CPU = Release|Any CPU
	EndGlobalSection
	GlobalSection(ProjectConfigurationPlatforms) = postSolution
		{65FA9D12-AD65-4EF7-8EBA-781E308B6254}.Debug|Any CPU.ActiveCfg = Debug|Any CPU
		{65FA9D12-AD65-4EF7-8EBA-781E308B6254}.Debug|Any CPU.Build.0 = Debug|Any CPU
		{65FA9D12-AD65-4EF7-8EBA-781E308B6254}.Release|Any CPU.ActiveCfg = Release|Any CPU
		{65FA9D12-AD65-4EF7-8EBA-781E308B6254}.Release|Any CPU.Build.0 = Release|Any CPU
	EndGlobalSection
EndGlobal
